
Microsoft Visual Studio Solution File, Format Version 12.00
# Visual Studio Version 17
VisualStudioVersion = 17.0.31903.59
MinimumVisualStudioVersion = 10.0.40219.1
Project("{FAE04EC0-301F-11D3-BF4B-00C04F79EFBC}") = "GuessWhoBot", "GuessWhoBot\GuessWhoBot.csproj", "{C1070E22-1A97-4445-86A0-42C73048ED9B}"
EndProject
Project("{FAE04EC0-301F-11D3-BF4B-00C04F79EFBC}") = "DotMarkov", "DotMarkov\DotMarkov.csproj", "{200ED0C2-4BF1-459E-8FC1-228A285D0195}"
EndProject
Global
	GlobalSection(SolutionConfigurationPlatforms) = preSolution
		Debug|Any CPU = Debug|Any CPU
		Release|Any CPU = Release|Any CPU
	EndGlobalSection
	GlobalSection(SolutionProperties) = preSolution
		HideSolutionNode = FALSE
	EndGlobalSection
	GlobalSection(ProjectConfigurationPlatforms) = postSolution
		{C1070E22-1A97-4445-86A0-42C73048ED9B}.Debug|Any CPU.ActiveCfg = Debug|Any CPU
		{C1070E22-1A97-4445-86A0-42C73048ED9B}.Debug|Any CPU.Build.0 = Debug|Any CPU
		{C1070E22-1A97-4445-86A0-42C73048ED9B}.Release|Any CPU.ActiveCfg = Release|Any CPU
		{C1070E22-1A97-4445-86A0-42C73048ED9B}.Release|Any CPU.Build.0 = Release|Any CPU
		{200ED0C2-4BF1-459E-8FC1-228A285D0195}.Debug|Any CPU.ActiveCfg = Debug|Any CPU
		{200ED0C2-4BF1-459E-8FC1-228A285D0195}.Debug|Any CPU.Build.0 = Debug|Any CPU
		{200ED0C2-4BF1-459E-8FC1-228A285D0195}.Release|Any CPU.ActiveCfg = Release|Any CPU
		{200ED0C2-4BF1-459E-8FC1-228A285D0195}.Release|Any CPU.Build.0 = Release|Any CPU
	EndGlobalSection
EndGlobal
